
Microsoft Visual Studio Solution File, Format Version 12.00
# Visual Studio 15
VisualStudioVersion = 15.0.26206.0
MinimumVisualStudioVersion = 10.0.40219.1
Project("{FAE04EC0-301F-11D3-BF4B-00C04F79EFBC}") = "A417Sync.Core", "A417Sync.Core\A417Sync.Core.csproj", "{E0BD1435-9CF8-48CA-9B8D-E10F10AC3A51}"
EndProject
Project("{FAE04EC0-301F-11D3-BF4B-00C04F79EFBC}") = "A417Sync.WPF", "A417Sync.WPF\A417Sync.WPF.csproj", "{2265943D-3229-4D2A-813C-2C23CDDBE82B}"
EndProject
Project("{FAE04EC0-301F-11D3-BF4B-00C04F79EFBC}") = "A417Sync.Client", "A417Sync.Client\A417Sync.Client.csproj", "{7B41D5D9-63AF-45D9-82A2-B877CDEF1AB4}"
EndProject
Project("{9A19103F-16F7-4668-BE54-9A1E7A4F7556}") = "A417Sync.Server", "A417Sync.Server\A417Sync.Server.csproj", "{12D56C18-ED4B-4245-981D-ABD7B10D4478}"
EndProject
Global
	GlobalSection(SolutionConfigurationPlatforms) = preSolution
		Debug|Any CPU = Debug|Any CPU
		Debug|x64 = Debug|x64
		Debug|x86 = Debug|x86
		Release|Any CPU = Release|Any CPU
		Release|x64 = Release|x64
		Release|x86 = Release|x86
	EndGlobalSection
	GlobalSection(ProjectConfigurationPlatforms) = postSolution
		{E0BD1435-9CF8-48CA-9B8D-E10F10AC3A51}.Debug|Any CPU.ActiveCfg = Debug|Any CPU
		{E0BD1435-9CF8-48CA-9B8D-E10F10AC3A51}.Debug|Any CPU.Build.0 = Debug|Any CPU
		{E0BD1435-9CF8-48CA-9B8D-E10F10AC3A51}.Debug|x64.ActiveCfg = Debug|x64
		{E0BD1435-9CF8-48CA-9B8D-E10F10AC3A51}.Debug|x64.Build.0 = Debug|x64
		{E0BD1435-9CF8-48CA-9B8D-E10F10AC3A51}.Debug|x86.ActiveCfg = Debug|x86
		{E0BD1435-9CF8-48CA-9B8D-E10F10AC3A51}.Debug|x86.Build.0 = Debug|x86
		{E0BD1435-9CF8-48CA-9B8D-E10F10AC3A51}.Release|Any CPU.ActiveCfg = Release|Any CPU
		{E0BD1435-9CF8-48CA-9B8D-E10F10AC3A51}.Release|Any CPU.Build.0 = Release|Any CPU
		{E0BD1435-9CF8-48CA-9B8D-E10F10AC3A51}.Release|x64.ActiveCfg = Release|x64
		{E0BD1435-9CF8-48CA-9B8D-E10F10AC3A51}.Release|x64.Build.0 = Release|x64
		{E0BD1435-9CF8-48CA-9B8D-E10F10AC3A51}.Release|x86.ActiveCfg = Release|x86
		{E0BD1435-9CF8-48CA-9B8D-E10F10AC3A51}.Release|x86.Build.0 = Release|x86
		{2265943D-3229-4D2A-813C-2C23CDDBE82B}.Debug|Any CPU.ActiveCfg = Debug|Any CPU
		{2265943D-3229-4D2A-813C-2C23CDDBE82B}.Debug|Any CPU.Build.0 = Debug|Any CPU
		{2265943D-3229-4D2A-813C-2C23CDDBE82B}.Debug|x64.ActiveCfg = Debug|Any CPU
		{2265943D-3229-4D2A-813C-2C23CDDBE82B}.Debug|x64.Build.0 = Debug|Any CPU
		{2265943D-3229-4D2A-813C-2C23CDDBE82B}.Debug|x86.ActiveCfg = Debug|Any CPU
		{2265943D-3229-4D2A-813C-2C23CDDBE82B}.Debug|x86.Build.0 = Debug|Any CPU
		{2265943D-3229-4D2A-813C-2C23CDDBE82B}.Release|Any CPU.ActiveCfg = Release|Any CPU
		{2265943D-3229-4D2A-813C-2C23CDDBE82B}.Release|Any CPU.Build.0 = Release|Any CPU
		{2265943D-3229-4D2A-813C-2C23CDDBE82B}.Release|x64.ActiveCfg = Release|Any CPU
		{2265943D-3229-4D2A-813C-2C23CDDBE82B}.Release|x64.Build.0 = Release|Any CPU
		{2265943D-3229-4D2A-813C-2C23CDDBE82B}.Release|x86.ActiveCfg = Release|Any CPU
		{2265943D-3229-4D2A-813C-2C23CDDBE82B}.Release|x86.Build.0 = Release|Any CPU
		{7B41D5D9-63AF-45D9-82A2-B877CDEF1AB4}.Debug|Any CPU.ActiveCfg = Debug|Any CPU
		{7B41D5D9-63AF-45D9-82A2-B877CDEF1AB4}.Debug|Any CPU.Build.0 = Debug|Any CPU
		{7B41D5D9-63AF-45D9-82A2-B877CDEF1AB4}.Debug|x64.ActiveCfg = Debug|x64
		{7B41D5D9-63AF-45D9-82A2-B877CDEF1AB4}.Debug|x64.Build.0 = Debug|x64
		{7B41D5D9-63AF-45D9-82A2-B877CDEF1AB4}.Debug|x86.ActiveCfg = Debug|x86
		{7B41D5D9-63AF-45D9-82A2-B877CDEF1AB4}.Debug|x86.Build.0 = Debug|x86
		{7B41D5D9-63AF-45D9-82A2-B877CDEF1AB4}.Release|Any CPU.ActiveCfg = Release|Any CPU
		{7B41D5D9-63AF-45D9-82A2-B877CDEF1AB4}.Release|Any CPU.Build.0 = Release|Any CPU
		{7B41D5D9-63AF-45D9-82A2-B877CDEF1AB4}.Release|x64.ActiveCfg = Release|x64
		{7B41D5D9-63AF-45D9-82A2-B877CDEF1AB4}.Release|x64.Build.0 = Release|x64
		{7B41D5D9-63AF-45D9-82A2-B877CDEF1AB4}.Release|x86.ActiveCfg = Release|x86
		{7B41D5D9-63AF-45D9-82A2-B877CDEF1AB4}.Release|x86.Build.0 = Release|x86
		{12D56C18-ED4B-4245-981D-ABD7B10D4478}.Debug|Any CPU.ActiveCfg = Debug|Any CPU
		{12D56C18-ED4B-4245-981D-ABD7B10D4478}.Debug|Any CPU.Build.0 = Debug|Any CPU
		{12D56C18-ED4B-4245-981D-ABD7B10D4478}.Debug|x64.ActiveCfg = Debug|x64
		{12D56C18-ED4B-4245-981D-ABD7B10D4478}.Debug|x64.Build.0 = Debug|x64
		{12D56C18-ED4B-4245-981D-ABD7B10D4478}.Debug|x86.ActiveCfg = Debug|x86
		{12D56C18-ED4B-4245-981D-ABD7B10D4478}.Debug|x86.Build.0 = Debug|x86
		{12D56C18-ED4B-4245-981D-ABD7B10D4478}.Release|Any CPU.ActiveCfg = Release|Any CPU
		{12D56C18-ED4B-4245-981D-ABD7B10D4478}.Release|Any CPU.Build.0 = Release|Any CPU
		{12D56C18-ED4B-4245-981D-ABD7B10D4478}.Release|x64.ActiveCfg = Release|x64
		{12D56C18-ED4B-4245-981D-ABD7B10D4478}.Release|x64.Build.0 = Release|x64
		{12D56C18-ED4B-4245-981D-ABD7B10D4478}.Release|x86.ActiveCfg = Release|x86
		{12D56C18-ED4B-4245-981D-ABD7B10D4478}.Release|x86.Build.0 = Release|x86
	EndGlobalSection
	GlobalSection(SolutionProperties) = preSolution
		HideSolutionNode = FALSE
	EndGlobalSection
	GlobalSection(CodealikeProperties) = postSolution
		SolutionGuid = 328e871c-8cec-4b19-9e28-89363cafa29a
	EndGlobalSection
EndGlobal
